
Microsoft Visual Studio Solution File, Format Version 12.00
# Visual Studio Version 16
VisualStudioVersion = 16.0.31112.23
MinimumVisualStudioVersion = 10.0.40219.1
Project("{FAE04EC0-301F-11D3-BF4B-00C04F79EFBC}") = "LabNet2.2", "LabNet2.2\LabNet2.2.csproj", "{8F262379-1CBC-481E-9E35-73BB57C50016}"
EndProject
Global
	GlobalSection(SolutionConfigurationPlatforms) = preSolution
		Debug|Any CPU = Debug|Any CPU
		Release|Any CPU = Release|Any CPU
	EndGlobalSection
	GlobalSection(ProjectConfigurationPlatforms) = postSolution
		{8F262379-1CBC-481E-9E35-73BB57C50016}.Debug|Any CPU.ActiveCfg = Debug|Any CPU
		{8F262379-1CBC-481E-9E35-73BB57C50016}.Debug|Any CPU.Build.0 = Debug|Any CPU
		{8F262379-1CBC-481E-9E35-73BB57C50016}.Release|Any CPU.ActiveCfg = Release|Any CPU
		{8F262379-1CBC-481E-9E35-73BB57C50016}.Release|Any CPU.Build.0 = Release|Any CPU
	EndGlobalSection
	GlobalSection(SolutionProperties) = preSolution
		HideSolutionNode = FALSE
	EndGlobalSection
	GlobalSection(ExtensibilityGlobals) = postSolution
		SolutionGuid = {805DCDB8-96DA-4C74-AD69-F63A24891210}
	EndGlobalSection
EndGlobal
